// !$*UTF8*$!
{
	archiveVersion = 1;
	classes = {
	};
	objectVersion = 46;
	objects = {

/* Begin PBXBuildFile section */
		730495F8143C9F6B000D886A /* CHCSVParser.m in Sources */ = {isa = PBXBuildFile; fileRef = 730495F1143C9F6B000D886A /* CHCSVParser.m */; settings = {COMPILER_FLAGS = "-fno-objc-arc"; }; };
		730495F9143C9F6B000D886A /* CHCSVWriter.m in Sources */ = {isa = PBXBuildFile; fileRef = 730495F3143C9F6B000D886A /* CHCSVWriter.m */; settings = {COMPILER_FLAGS = "-fno-objc-arc"; }; };
		730495FA143C9F6B000D886A /* NSArray+CHCSVAdditions.m in Sources */ = {isa = PBXBuildFile; fileRef = 730495F5143C9F6B000D886A /* NSArray+CHCSVAdditions.m */; settings = {COMPILER_FLAGS = "-fno-objc-arc"; }; };
		730495FB143C9F6B000D886A /* NSString+CHCSVAdditions.m in Sources */ = {isa = PBXBuildFile; fileRef = 730495F7143C9F6B000D886A /* NSString+CHCSVAdditions.m */; settings = {COMPILER_FLAGS = "-fno-objc-arc"; }; };
		731F30C6141FA16C00E414FD /* CategoryTotalViewController.m in Sources */ = {isa = PBXBuildFile; fileRef = 731F30C4141FA16C00E414FD /* CategoryTotalViewController.m */; };
		731F30C7141FA16C00E414FD /* CategoryTotalViewController.xib in Resources */ = {isa = PBXBuildFile; fileRef = 731F30C5141FA16C00E414FD /* CategoryTotalViewController.xib */; };
		731F30CB14223F3400E414FD /* BudgetItems.m in Sources */ = {isa = PBXBuildFile; fileRef = 731F30CA14223F3400E414FD /* BudgetItems.m */; };
		731F30CE1422426C00E414FD /* Dates.m in Sources */ = {isa = PBXBuildFile; fileRef = 731F30CD1422426B00E414FD /* Dates.m */; };
		734061D01744892C00A8C98E /* AddedItemViewController.m in Sources */ = {isa = PBXBuildFile; fileRef = 734061CF1744892C00A8C98E /* AddedItemViewController.m */; };
		73738AFE141482FE0015D6D7 /* UIKit.framework in Frameworks */ = {isa = PBXBuildFile; fileRef = 73738AFD141482FE0015D6D7 /* UIKit.framework */; };
		73738B00141482FE0015D6D7 /* Foundation.framework in Frameworks */ = {isa = PBXBuildFile; fileRef = 73738AFF141482FE0015D6D7 /* Foundation.framework */; };
		73738B02141482FE0015D6D7 /* CoreData.framework in Frameworks */ = {isa = PBXBuildFile; fileRef = 73738B01141482FE0015D6D7 /* CoreData.framework */; };
		73738B08141482FE0015D6D7 /* InfoPlist.strings in Resources */ = {isa = PBXBuildFile; fileRef = 73738B06141482FE0015D6D7 /* InfoPlist.strings */; };
		73738B0A141482FE0015D6D7 /* main.m in Sources */ = {isa = PBXBuildFile; fileRef = 73738B09141482FE0015D6D7 /* main.m */; };
		73738B0E141482FE0015D6D7 /* AppDelegate.m in Sources */ = {isa = PBXBuildFile; fileRef = 73738B0D141482FE0015D6D7 /* AppDelegate.m */; };
		73738B11141482FE0015D6D7 /* BudgetTest.xcdatamodeld in Sources */ = {isa = PBXBuildFile; fileRef = 73738B0F141482FE0015D6D7 /* BudgetTest.xcdatamodeld */; };
		73738B19141482FF0015D6D7 /* SenTestingKit.framework in Frameworks */ = {isa = PBXBuildFile; fileRef = 73738B18141482FF0015D6D7 /* SenTestingKit.framework */; };
		73738B1A141482FF0015D6D7 /* UIKit.framework in Frameworks */ = {isa = PBXBuildFile; fileRef = 73738AFD141482FE0015D6D7 /* UIKit.framework */; };
		73738B1B141482FF0015D6D7 /* Foundation.framework in Frameworks */ = {isa = PBXBuildFile; fileRef = 73738AFF141482FE0015D6D7 /* Foundation.framework */; };
		73738B1C141482FF0015D6D7 /* CoreData.framework in Frameworks */ = {isa = PBXBuildFile; fileRef = 73738B01141482FE0015D6D7 /* CoreData.framework */; };
		73738B24141482FF0015D6D7 /* InfoPlist.strings in Resources */ = {isa = PBXBuildFile; fileRef = 73738B22141482FF0015D6D7 /* InfoPlist.strings */; };
		73738B27141482FF0015D6D7 /* BudgetTestTests.m in Sources */ = {isa = PBXBuildFile; fileRef = 73738B26141482FF0015D6D7 /* BudgetTestTests.m */; };
<<<<<<< HEAD
		73738B36141489520015D6D7 /* AddItemViewController.m in Sources */ = {isa = PBXBuildFile; fileRef = 73738B34141489520015D6D7 /* AddItemViewController.m */; };
=======
>>>>>>> 25e4b4f8a954462ed2545fa8098c4cbd96169d76
		73738B3B141489990015D6D7 /* ItemListViewController.m in Sources */ = {isa = PBXBuildFile; fileRef = 73738B39141489990015D6D7 /* ItemListViewController.m */; };
		73738B3C141489990015D6D7 /* ItemListViewController.xib in Resources */ = {isa = PBXBuildFile; fileRef = 73738B3A141489990015D6D7 /* ItemListViewController.xib */; };
		73738B4F1415DE2F0015D6D7 /* ItemDateViewController.m in Sources */ = {isa = PBXBuildFile; fileRef = 73738B4D1415DE2D0015D6D7 /* ItemDateViewController.m */; };
		73738B501415DE2F0015D6D7 /* ItemDateViewController.xib in Resources */ = {isa = PBXBuildFile; fileRef = 73738B4E1415DE2E0015D6D7 /* ItemDateViewController.xib */; };
		737B54451747F7AA0000C24E /* add_item_tab_bar@2x.png in Resources */ = {isa = PBXBuildFile; fileRef = 737B54441747F7AA0000C24E /* add_item_tab_bar@2x.png */; };
		737B54471747FBA20000C24E /* list_tab_bar@2x.png in Resources */ = {isa = PBXBuildFile; fileRef = 737B54461747FBA20000C24E /* list_tab_bar@2x.png */; };
		737B544B1747FD380000C24E /* category_tab_bar@2x.png in Resources */ = {isa = PBXBuildFile; fileRef = 737B544A1747FD380000C24E /* category_tab_bar@2x.png */; };
		737B544D1748035F0000C24E /* settings_tab_bar@2x.png in Resources */ = {isa = PBXBuildFile; fileRef = 737B544C1748035F0000C24E /* settings_tab_bar@2x.png */; };
		737B5450174805120000C24E /* knots.png in Resources */ = {isa = PBXBuildFile; fileRef = 737B544E174805120000C24E /* knots.png */; };
		737B5451174805120000C24E /* conversions.png in Resources */ = {isa = PBXBuildFile; fileRef = 737B544F174805120000C24E /* conversions.png */; };
		737B5453174805A00000C24E /* profile_pic.png in Resources */ = {isa = PBXBuildFile; fileRef = 737B5452174805A00000C24E /* profile_pic.png */; };
		737B5458174820720000C24E /* iRate.bundle in Resources */ = {isa = PBXBuildFile; fileRef = 737B5455174820720000C24E /* iRate.bundle */; };
		737B5459174820720000C24E /* iRate.m in Sources */ = {isa = PBXBuildFile; fileRef = 737B5457174820720000C24E /* iRate.m */; };
		737B545B174820C70000C24E /* StoreKit.framework in Frameworks */ = {isa = PBXBuildFile; fileRef = 737B545A174820C70000C24E /* StoreKit.framework */; };
		737B5460174832B90000C24E /* QuartzCore.framework in Frameworks */ = {isa = PBXBuildFile; fileRef = 737B545F174832B80000C24E /* QuartzCore.framework */; };
		7389AE251431643A00B97E0E /* SettingsViewController.m in Sources */ = {isa = PBXBuildFile; fileRef = 7389AE231431643A00B97E0E /* SettingsViewController.m */; };
		7389AE261431643A00B97E0E /* SettingsViewController.xib in Resources */ = {isa = PBXBuildFile; fileRef = 7389AE241431643A00B97E0E /* SettingsViewController.xib */; };
		73AFC06C141BCD4200AB9DBE /* CategoryComboBoxController.m in Sources */ = {isa = PBXBuildFile; fileRef = 73AFC06A141BCD4200AB9DBE /* CategoryComboBoxController.m */; };
		73AFC06D141BCD4200AB9DBE /* CategoryComboBoxController.xib in Resources */ = {isa = PBXBuildFile; fileRef = 73AFC06B141BCD4200AB9DBE /* CategoryComboBoxController.xib */; };
		73B20DA31442BE7900A6904A /* Money57.png in Resources */ = {isa = PBXBuildFile; fileRef = 73B20DA21442BE7900A6904A /* Money57.png */; };
		73B42F621748493F00E6DD23 /* CoreGraphics.framework in Frameworks */ = {isa = PBXBuildFile; fileRef = 73B42F611748493F00E6DD23 /* CoreGraphics.framework */; };
		73B42F6617484C3400E6DD23 /* FXLabel.m in Sources */ = {isa = PBXBuildFile; fileRef = 73B42F6517484C3400E6DD23 /* FXLabel.m */; };
		73B42F69174851AD00E6DD23 /* FMMButton.m in Sources */ = {isa = PBXBuildFile; fileRef = 73B42F68174851AD00E6DD23 /* FMMButton.m */; };
		73B42F6C1749060400E6DD23 /* FMMInputField.m in Sources */ = {isa = PBXBuildFile; fileRef = 73B42F6B1749060400E6DD23 /* FMMInputField.m */; };
		73B42F6F1749842400E6DD23 /* FMMPassThroughView.m in Sources */ = {isa = PBXBuildFile; fileRef = 73B42F6E1749842400E6DD23 /* FMMPassThroughView.m */; };
		73B42F721749936200E6DD23 /* CategorySectionHeaderView.m in Sources */ = {isa = PBXBuildFile; fileRef = 73B42F711749936200E6DD23 /* CategorySectionHeaderView.m */; };
		73BC119114186C6300F6B689 /* Categories.m in Sources */ = {isa = PBXBuildFile; fileRef = 73BC119014186C6300F6B689 /* Categories.m */; };
		73D535101741AD9B008CA8AB /* Default-568h@2x.png in Resources */ = {isa = PBXBuildFile; fileRef = 73D5350F1741AD9B008CA8AB /* Default-568h@2x.png */; };
		73F4BADE143D4EC8007676BC /* MessageUI.framework in Frameworks */ = {isa = PBXBuildFile; fileRef = 73F4BADD143D4EC8007676BC /* MessageUI.framework */; };
/* End PBXBuildFile section */

/* Begin PBXContainerItemProxy section */
		73738B1D141482FF0015D6D7 /* PBXContainerItemProxy */ = {
			isa = PBXContainerItemProxy;
			containerPortal = 73738AF0141482FE0015D6D7 /* Project object */;
			proxyType = 1;
			remoteGlobalIDString = 73738AF8141482FE0015D6D7;
			remoteInfo = BudgetTest;
		};
/* End PBXContainerItemProxy section */

/* Begin PBXFileReference section */
		730495EF143C9F6B000D886A /* CHCSV.h */ = {isa = PBXFileReference; fileEncoding = 4; lastKnownFileType = sourcecode.c.h; path = CHCSV.h; sourceTree = "<group>"; };
		730495F0143C9F6B000D886A /* CHCSVParser.h */ = {isa = PBXFileReference; fileEncoding = 4; lastKnownFileType = sourcecode.c.h; path = CHCSVParser.h; sourceTree = "<group>"; };
		730495F1143C9F6B000D886A /* CHCSVParser.m */ = {isa = PBXFileReference; fileEncoding = 4; lastKnownFileType = sourcecode.c.objc; path = CHCSVParser.m; sourceTree = "<group>"; };
		730495F2143C9F6B000D886A /* CHCSVWriter.h */ = {isa = PBXFileReference; fileEncoding = 4; lastKnownFileType = sourcecode.c.h; path = CHCSVWriter.h; sourceTree = "<group>"; };
		730495F3143C9F6B000D886A /* CHCSVWriter.m */ = {isa = PBXFileReference; fileEncoding = 4; lastKnownFileType = sourcecode.c.objc; path = CHCSVWriter.m; sourceTree = "<group>"; };
		730495F4143C9F6B000D886A /* NSArray+CHCSVAdditions.h */ = {isa = PBXFileReference; fileEncoding = 4; lastKnownFileType = sourcecode.c.h; path = "NSArray+CHCSVAdditions.h"; sourceTree = "<group>"; };
		730495F5143C9F6B000D886A /* NSArray+CHCSVAdditions.m */ = {isa = PBXFileReference; fileEncoding = 4; lastKnownFileType = sourcecode.c.objc; path = "NSArray+CHCSVAdditions.m"; sourceTree = "<group>"; };
		730495F6143C9F6B000D886A /* NSString+CHCSVAdditions.h */ = {isa = PBXFileReference; fileEncoding = 4; lastKnownFileType = sourcecode.c.h; path = "NSString+CHCSVAdditions.h"; sourceTree = "<group>"; };
		730495F7143C9F6B000D886A /* NSString+CHCSVAdditions.m */ = {isa = PBXFileReference; fileEncoding = 4; lastKnownFileType = sourcecode.c.objc; path = "NSString+CHCSVAdditions.m"; sourceTree = "<group>"; };
		731F30C3141FA16C00E414FD /* CategoryTotalViewController.h */ = {isa = PBXFileReference; fileEncoding = 4; lastKnownFileType = sourcecode.c.h; path = CategoryTotalViewController.h; sourceTree = "<group>"; };
		731F30C4141FA16C00E414FD /* CategoryTotalViewController.m */ = {isa = PBXFileReference; fileEncoding = 4; lastKnownFileType = sourcecode.c.objc; path = CategoryTotalViewController.m; sourceTree = "<group>"; };
		731F30C5141FA16C00E414FD /* CategoryTotalViewController.xib */ = {isa = PBXFileReference; fileEncoding = 4; lastKnownFileType = file.xib; path = CategoryTotalViewController.xib; sourceTree = "<group>"; };
		731F30C914223F3400E414FD /* BudgetItems.h */ = {isa = PBXFileReference; fileEncoding = 4; lastKnownFileType = sourcecode.c.h; path = BudgetItems.h; sourceTree = "<group>"; };
		731F30CA14223F3400E414FD /* BudgetItems.m */ = {isa = PBXFileReference; fileEncoding = 4; lastKnownFileType = sourcecode.c.objc; path = BudgetItems.m; sourceTree = "<group>"; };
		731F30CC1422426B00E414FD /* Dates.h */ = {isa = PBXFileReference; fileEncoding = 4; lastKnownFileType = sourcecode.c.h; path = Dates.h; sourceTree = "<group>"; };
		731F30CD1422426B00E414FD /* Dates.m */ = {isa = PBXFileReference; fileEncoding = 4; lastKnownFileType = sourcecode.c.objc; path = Dates.m; sourceTree = "<group>"; };
		734061CE1744892C00A8C98E /* AddedItemViewController.h */ = {isa = PBXFileReference; fileEncoding = 4; lastKnownFileType = sourcecode.c.h; path = AddedItemViewController.h; sourceTree = "<group>"; };
		734061CF1744892C00A8C98E /* AddedItemViewController.m */ = {isa = PBXFileReference; fileEncoding = 4; lastKnownFileType = sourcecode.c.objc; path = AddedItemViewController.m; sourceTree = "<group>"; };
		73738AF9141482FE0015D6D7 /* Follow My Money.app */ = {isa = PBXFileReference; explicitFileType = wrapper.application; includeInIndex = 0; path = "Follow My Money.app"; sourceTree = BUILT_PRODUCTS_DIR; };
		73738AFD141482FE0015D6D7 /* UIKit.framework */ = {isa = PBXFileReference; lastKnownFileType = wrapper.framework; name = UIKit.framework; path = System/Library/Frameworks/UIKit.framework; sourceTree = SDKROOT; };
		73738AFF141482FE0015D6D7 /* Foundation.framework */ = {isa = PBXFileReference; lastKnownFileType = wrapper.framework; name = Foundation.framework; path = System/Library/Frameworks/Foundation.framework; sourceTree = SDKROOT; };
		73738B01141482FE0015D6D7 /* CoreData.framework */ = {isa = PBXFileReference; lastKnownFileType = wrapper.framework; name = CoreData.framework; path = System/Library/Frameworks/CoreData.framework; sourceTree = SDKROOT; };
		73738B05141482FE0015D6D7 /* BudgetTest-Info.plist */ = {isa = PBXFileReference; lastKnownFileType = text.plist.xml; path = "BudgetTest-Info.plist"; sourceTree = "<group>"; };
		73738B07141482FE0015D6D7 /* en */ = {isa = PBXFileReference; lastKnownFileType = text.plist.strings; name = en; path = en.lproj/InfoPlist.strings; sourceTree = "<group>"; };
		73738B09141482FE0015D6D7 /* main.m */ = {isa = PBXFileReference; lastKnownFileType = sourcecode.c.objc; path = main.m; sourceTree = "<group>"; };
		73738B0B141482FE0015D6D7 /* BudgetTest-Prefix.pch */ = {isa = PBXFileReference; lastKnownFileType = sourcecode.c.h; path = "BudgetTest-Prefix.pch"; sourceTree = "<group>"; };
		73738B0C141482FE0015D6D7 /* AppDelegate.h */ = {isa = PBXFileReference; lastKnownFileType = sourcecode.c.h; path = AppDelegate.h; sourceTree = "<group>"; };
		73738B0D141482FE0015D6D7 /* AppDelegate.m */ = {isa = PBXFileReference; lastKnownFileType = sourcecode.c.objc; path = AppDelegate.m; sourceTree = "<group>"; };
		73738B10141482FE0015D6D7 /* BudgetTest.xcdatamodel */ = {isa = PBXFileReference; lastKnownFileType = wrapper.xcdatamodel; path = BudgetTest.xcdatamodel; sourceTree = "<group>"; };
		73738B17141482FF0015D6D7 /* BudgetTestTests.octest */ = {isa = PBXFileReference; explicitFileType = wrapper.cfbundle; includeInIndex = 0; path = BudgetTestTests.octest; sourceTree = BUILT_PRODUCTS_DIR; };
		73738B18141482FF0015D6D7 /* SenTestingKit.framework */ = {isa = PBXFileReference; lastKnownFileType = wrapper.framework; name = SenTestingKit.framework; path = Library/Frameworks/SenTestingKit.framework; sourceTree = DEVELOPER_DIR; };
		73738B21141482FF0015D6D7 /* BudgetTestTests-Info.plist */ = {isa = PBXFileReference; lastKnownFileType = text.plist.xml; path = "BudgetTestTests-Info.plist"; sourceTree = "<group>"; };
		73738B23141482FF0015D6D7 /* en */ = {isa = PBXFileReference; lastKnownFileType = text.plist.strings; name = en; path = en.lproj/InfoPlist.strings; sourceTree = "<group>"; };
		73738B25141482FF0015D6D7 /* BudgetTestTests.h */ = {isa = PBXFileReference; lastKnownFileType = sourcecode.c.h; path = BudgetTestTests.h; sourceTree = "<group>"; };
		73738B26141482FF0015D6D7 /* BudgetTestTests.m */ = {isa = PBXFileReference; lastKnownFileType = sourcecode.c.objc; path = BudgetTestTests.m; sourceTree = "<group>"; };
<<<<<<< HEAD
		73738B33141489520015D6D7 /* AddItemViewController.h */ = {isa = PBXFileReference; fileEncoding = 4; lastKnownFileType = sourcecode.c.h; path = AddItemViewController.h; sourceTree = "<group>"; };
		73738B34141489520015D6D7 /* AddItemViewController.m */ = {isa = PBXFileReference; fileEncoding = 4; lastKnownFileType = sourcecode.c.objc; path = AddItemViewController.m; sourceTree = "<group>"; };
=======
>>>>>>> 25e4b4f8a954462ed2545fa8098c4cbd96169d76
		73738B38141489990015D6D7 /* ItemListViewController.h */ = {isa = PBXFileReference; fileEncoding = 4; lastKnownFileType = sourcecode.c.h; path = ItemListViewController.h; sourceTree = "<group>"; };
		73738B39141489990015D6D7 /* ItemListViewController.m */ = {isa = PBXFileReference; fileEncoding = 4; lastKnownFileType = sourcecode.c.objc; path = ItemListViewController.m; sourceTree = "<group>"; };
		73738B3A141489990015D6D7 /* ItemListViewController.xib */ = {isa = PBXFileReference; fileEncoding = 4; lastKnownFileType = file.xib; path = ItemListViewController.xib; sourceTree = "<group>"; };
		73738B4C1415DE2C0015D6D7 /* ItemDateViewController.h */ = {isa = PBXFileReference; fileEncoding = 4; lastKnownFileType = sourcecode.c.h; path = ItemDateViewController.h; sourceTree = "<group>"; };
		73738B4D1415DE2D0015D6D7 /* ItemDateViewController.m */ = {isa = PBXFileReference; fileEncoding = 4; lastKnownFileType = sourcecode.c.objc; path = ItemDateViewController.m; sourceTree = "<group>"; };
		73738B4E1415DE2E0015D6D7 /* ItemDateViewController.xib */ = {isa = PBXFileReference; fileEncoding = 4; lastKnownFileType = file.xib; path = ItemDateViewController.xib; sourceTree = "<group>"; };
		737B54441747F7AA0000C24E /* add_item_tab_bar@2x.png */ = {isa = PBXFileReference; lastKnownFileType = image.png; path = "add_item_tab_bar@2x.png"; sourceTree = "<group>"; };
		737B54461747FBA20000C24E /* list_tab_bar@2x.png */ = {isa = PBXFileReference; lastKnownFileType = image.png; path = "list_tab_bar@2x.png"; sourceTree = "<group>"; };
		737B544A1747FD380000C24E /* category_tab_bar@2x.png */ = {isa = PBXFileReference; lastKnownFileType = image.png; path = "category_tab_bar@2x.png"; sourceTree = "<group>"; };
		737B544C1748035F0000C24E /* settings_tab_bar@2x.png */ = {isa = PBXFileReference; lastKnownFileType = image.png; path = "settings_tab_bar@2x.png"; sourceTree = "<group>"; };
		737B544E174805120000C24E /* knots.png */ = {isa = PBXFileReference; lastKnownFileType = image.png; path = knots.png; sourceTree = "<group>"; };
		737B544F174805120000C24E /* conversions.png */ = {isa = PBXFileReference; lastKnownFileType = image.png; path = conversions.png; sourceTree = "<group>"; };
		737B5452174805A00000C24E /* profile_pic.png */ = {isa = PBXFileReference; lastKnownFileType = image.png; path = profile_pic.png; sourceTree = "<group>"; };
		737B5455174820720000C24E /* iRate.bundle */ = {isa = PBXFileReference; lastKnownFileType = "wrapper.plug-in"; path = iRate.bundle; sourceTree = "<group>"; };
		737B5456174820720000C24E /* iRate.h */ = {isa = PBXFileReference; fileEncoding = 4; lastKnownFileType = sourcecode.c.h; path = iRate.h; sourceTree = "<group>"; };
		737B5457174820720000C24E /* iRate.m */ = {isa = PBXFileReference; fileEncoding = 4; lastKnownFileType = sourcecode.c.objc; path = iRate.m; sourceTree = "<group>"; };
		737B545A174820C70000C24E /* StoreKit.framework */ = {isa = PBXFileReference; lastKnownFileType = wrapper.framework; name = StoreKit.framework; path = System/Library/Frameworks/StoreKit.framework; sourceTree = SDKROOT; };
		737B545F174832B80000C24E /* QuartzCore.framework */ = {isa = PBXFileReference; lastKnownFileType = wrapper.framework; name = QuartzCore.framework; path = System/Library/Frameworks/QuartzCore.framework; sourceTree = SDKROOT; };
		7389AE221431643A00B97E0E /* SettingsViewController.h */ = {isa = PBXFileReference; fileEncoding = 4; lastKnownFileType = sourcecode.c.h; path = SettingsViewController.h; sourceTree = "<group>"; };
		7389AE231431643A00B97E0E /* SettingsViewController.m */ = {isa = PBXFileReference; fileEncoding = 4; lastKnownFileType = sourcecode.c.objc; path = SettingsViewController.m; sourceTree = "<group>"; };
		7389AE241431643A00B97E0E /* SettingsViewController.xib */ = {isa = PBXFileReference; fileEncoding = 4; lastKnownFileType = file.xib; path = SettingsViewController.xib; sourceTree = "<group>"; };
		73AFC069141BCD4200AB9DBE /* CategoryComboBoxController.h */ = {isa = PBXFileReference; fileEncoding = 4; lastKnownFileType = sourcecode.c.h; path = CategoryComboBoxController.h; sourceTree = "<group>"; };
		73AFC06A141BCD4200AB9DBE /* CategoryComboBoxController.m */ = {isa = PBXFileReference; fileEncoding = 4; lastKnownFileType = sourcecode.c.objc; path = CategoryComboBoxController.m; sourceTree = "<group>"; };
		73AFC06B141BCD4200AB9DBE /* CategoryComboBoxController.xib */ = {isa = PBXFileReference; fileEncoding = 4; lastKnownFileType = file.xib; path = CategoryComboBoxController.xib; sourceTree = "<group>"; };
		73B20DA21442BE7900A6904A /* Money57.png */ = {isa = PBXFileReference; lastKnownFileType = image.png; path = Money57.png; sourceTree = "<group>"; };
		73B42F611748493F00E6DD23 /* CoreGraphics.framework */ = {isa = PBXFileReference; lastKnownFileType = wrapper.framework; name = CoreGraphics.framework; path = System/Library/Frameworks/CoreGraphics.framework; sourceTree = SDKROOT; };
		73B42F6417484C3400E6DD23 /* FXLabel.h */ = {isa = PBXFileReference; fileEncoding = 4; lastKnownFileType = sourcecode.c.h; path = FXLabel.h; sourceTree = "<group>"; };
		73B42F6517484C3400E6DD23 /* FXLabel.m */ = {isa = PBXFileReference; fileEncoding = 4; lastKnownFileType = sourcecode.c.objc; path = FXLabel.m; sourceTree = "<group>"; };
		73B42F67174851AD00E6DD23 /* FMMButton.h */ = {isa = PBXFileReference; fileEncoding = 4; lastKnownFileType = sourcecode.c.h; path = FMMButton.h; sourceTree = "<group>"; };
		73B42F68174851AD00E6DD23 /* FMMButton.m */ = {isa = PBXFileReference; fileEncoding = 4; lastKnownFileType = sourcecode.c.objc; path = FMMButton.m; sourceTree = "<group>"; };
		73B42F6A1749060400E6DD23 /* FMMInputField.h */ = {isa = PBXFileReference; fileEncoding = 4; lastKnownFileType = sourcecode.c.h; path = FMMInputField.h; sourceTree = "<group>"; };
		73B42F6B1749060400E6DD23 /* FMMInputField.m */ = {isa = PBXFileReference; fileEncoding = 4; lastKnownFileType = sourcecode.c.objc; path = FMMInputField.m; sourceTree = "<group>"; };
		73B42F6D1749842400E6DD23 /* FMMPassThroughView.h */ = {isa = PBXFileReference; fileEncoding = 4; lastKnownFileType = sourcecode.c.h; path = FMMPassThroughView.h; sourceTree = "<group>"; };
		73B42F6E1749842400E6DD23 /* FMMPassThroughView.m */ = {isa = PBXFileReference; fileEncoding = 4; lastKnownFileType = sourcecode.c.objc; path = FMMPassThroughView.m; sourceTree = "<group>"; };
		73B42F701749936200E6DD23 /* CategorySectionHeaderView.h */ = {isa = PBXFileReference; fileEncoding = 4; lastKnownFileType = sourcecode.c.h; path = CategorySectionHeaderView.h; sourceTree = "<group>"; };
		73B42F711749936200E6DD23 /* CategorySectionHeaderView.m */ = {isa = PBXFileReference; fileEncoding = 4; lastKnownFileType = sourcecode.c.objc; path = CategorySectionHeaderView.m; sourceTree = "<group>"; };
		73BC118F14186C6300F6B689 /* Categories.h */ = {isa = PBXFileReference; fileEncoding = 4; lastKnownFileType = sourcecode.c.h; path = Categories.h; sourceTree = "<group>"; };
		73BC119014186C6300F6B689 /* Categories.m */ = {isa = PBXFileReference; fileEncoding = 4; lastKnownFileType = sourcecode.c.objc; path = Categories.m; sourceTree = "<group>"; };
		73D5350F1741AD9B008CA8AB /* Default-568h@2x.png */ = {isa = PBXFileReference; lastKnownFileType = image.png; path = "Default-568h@2x.png"; sourceTree = "<group>"; };
		73F4BADD143D4EC8007676BC /* MessageUI.framework */ = {isa = PBXFileReference; lastKnownFileType = wrapper.framework; name = MessageUI.framework; path = System/Library/Frameworks/MessageUI.framework; sourceTree = SDKROOT; };
/* End PBXFileReference section */

/* Begin PBXFrameworksBuildPhase section */
		73738AF6141482FE0015D6D7 /* Frameworks */ = {
			isa = PBXFrameworksBuildPhase;
			buildActionMask = 2147483647;
			files = (
				73B42F621748493F00E6DD23 /* CoreGraphics.framework in Frameworks */,
				737B5460174832B90000C24E /* QuartzCore.framework in Frameworks */,
				737B545B174820C70000C24E /* StoreKit.framework in Frameworks */,
				73F4BADE143D4EC8007676BC /* MessageUI.framework in Frameworks */,
				73738AFE141482FE0015D6D7 /* UIKit.framework in Frameworks */,
				73738B00141482FE0015D6D7 /* Foundation.framework in Frameworks */,
				73738B02141482FE0015D6D7 /* CoreData.framework in Frameworks */,
			);
			runOnlyForDeploymentPostprocessing = 0;
		};
		73738B13141482FF0015D6D7 /* Frameworks */ = {
			isa = PBXFrameworksBuildPhase;
			buildActionMask = 2147483647;
			files = (
				73738B19141482FF0015D6D7 /* SenTestingKit.framework in Frameworks */,
				73738B1A141482FF0015D6D7 /* UIKit.framework in Frameworks */,
				73738B1B141482FF0015D6D7 /* Foundation.framework in Frameworks */,
				73738B1C141482FF0015D6D7 /* CoreData.framework in Frameworks */,
			);
			runOnlyForDeploymentPostprocessing = 0;
		};
/* End PBXFrameworksBuildPhase section */

/* Begin PBXGroup section */
		730495E0143C96A8000D886A /* CHCSV */ = {
			isa = PBXGroup;
			children = (
				730495EF143C9F6B000D886A /* CHCSV.h */,
				730495F0143C9F6B000D886A /* CHCSVParser.h */,
				730495F1143C9F6B000D886A /* CHCSVParser.m */,
				730495F2143C9F6B000D886A /* CHCSVWriter.h */,
				730495F3143C9F6B000D886A /* CHCSVWriter.m */,
				730495F4143C9F6B000D886A /* NSArray+CHCSVAdditions.h */,
				730495F5143C9F6B000D886A /* NSArray+CHCSVAdditions.m */,
				730495F6143C9F6B000D886A /* NSString+CHCSVAdditions.h */,
				730495F7143C9F6B000D886A /* NSString+CHCSVAdditions.m */,
			);
			name = CHCSV;
			sourceTree = "<group>";
		};
		731F30C8141FA17700E414FD /* CategoryTotal */ = {
			isa = PBXGroup;
			children = (
				731F30C3141FA16C00E414FD /* CategoryTotalViewController.h */,
				731F30C4141FA16C00E414FD /* CategoryTotalViewController.m */,
				731F30C5141FA16C00E414FD /* CategoryTotalViewController.xib */,
				73B42F701749936200E6DD23 /* CategorySectionHeaderView.h */,
				73B42F711749936200E6DD23 /* CategorySectionHeaderView.m */,
			);
			name = CategoryTotal;
			sourceTree = "<group>";
		};
		731F30CF1422427500E414FD /* Helpers */ = {
			isa = PBXGroup;
			children = (
				73B42F67174851AD00E6DD23 /* FMMButton.h */,
				73B42F68174851AD00E6DD23 /* FMMButton.m */,
				73B42F6A1749060400E6DD23 /* FMMInputField.h */,
				73B42F6B1749060400E6DD23 /* FMMInputField.m */,
				73B42F6D1749842400E6DD23 /* FMMPassThroughView.h */,
				73B42F6E1749842400E6DD23 /* FMMPassThroughView.m */,
				73B42F6317484C3400E6DD23 /* FXLabel */,
				737B54541748204F0000C24E /* iRate */,
				731F30CC1422426B00E414FD /* Dates.h */,
				731F30CD1422426B00E414FD /* Dates.m */,
				730495E0143C96A8000D886A /* CHCSV */,
			);
			name = Helpers;
			sourceTree = "<group>";
		};
		73738AEE141482FE0015D6D7 = {
			isa = PBXGroup;
			children = (
				73B42F611748493F00E6DD23 /* CoreGraphics.framework */,
				737B545F174832B80000C24E /* QuartzCore.framework */,
				737B545A174820C70000C24E /* StoreKit.framework */,
				73D5350F1741AD9B008CA8AB /* Default-568h@2x.png */,
				73738B03141482FE0015D6D7 /* BudgetTest */,
				73738B1F141482FF0015D6D7 /* BudgetTestTests */,
				73738AFC141482FE0015D6D7 /* Frameworks */,
				73738AFA141482FE0015D6D7 /* Products */,
			);
			sourceTree = "<group>";
		};
		73738AFA141482FE0015D6D7 /* Products */ = {
			isa = PBXGroup;
			children = (
				73738AF9141482FE0015D6D7 /* Follow My Money.app */,
				73738B17141482FF0015D6D7 /* BudgetTestTests.octest */,
			);
			name = Products;
			sourceTree = "<group>";
		};
		73738AFC141482FE0015D6D7 /* Frameworks */ = {
			isa = PBXGroup;
			children = (
				73F4BADD143D4EC8007676BC /* MessageUI.framework */,
				73738AFD141482FE0015D6D7 /* UIKit.framework */,
				73738AFF141482FE0015D6D7 /* Foundation.framework */,
				73738B01141482FE0015D6D7 /* CoreData.framework */,
				73738B18141482FF0015D6D7 /* SenTestingKit.framework */,
			);
			name = Frameworks;
			sourceTree = "<group>";
		};
		73738B03141482FE0015D6D7 /* BudgetTest */ = {
			isa = PBXGroup;
			children = (
				73738B0C141482FE0015D6D7 /* AppDelegate.h */,
				73738B0D141482FE0015D6D7 /* AppDelegate.m */,
				73AFC05D141876D800AB9DBE /* AddItem */,
				73AFC05F1418780500AB9DBE /* ItemList */,
				731F30C8141FA17700E414FD /* CategoryTotal */,
				7389AE21143163B200B97E0E /* Settings */,
				731F30CF1422427500E414FD /* Helpers */,
				73AFC068141BBFA300AB9DBE /* Model */,
				73738B04141482FE0015D6D7 /* Supporting Files */,
			);
			path = BudgetTest;
			sourceTree = "<group>";
		};
		73738B04141482FE0015D6D7 /* Supporting Files */ = {
			isa = PBXGroup;
			children = (
				737B5452174805A00000C24E /* profile_pic.png */,
				737B544E174805120000C24E /* knots.png */,
				737B544F174805120000C24E /* conversions.png */,
				737B544C1748035F0000C24E /* settings_tab_bar@2x.png */,
				737B544A1747FD380000C24E /* category_tab_bar@2x.png */,
				737B54461747FBA20000C24E /* list_tab_bar@2x.png */,
				737B54441747F7AA0000C24E /* add_item_tab_bar@2x.png */,
				73B20DA21442BE7900A6904A /* Money57.png */,
				73738B05141482FE0015D6D7 /* BudgetTest-Info.plist */,
				73738B06141482FE0015D6D7 /* InfoPlist.strings */,
				73738B09141482FE0015D6D7 /* main.m */,
				73738B0B141482FE0015D6D7 /* BudgetTest-Prefix.pch */,
			);
			name = "Supporting Files";
			sourceTree = "<group>";
		};
		73738B1F141482FF0015D6D7 /* BudgetTestTests */ = {
			isa = PBXGroup;
			children = (
				73738B25141482FF0015D6D7 /* BudgetTestTests.h */,
				73738B26141482FF0015D6D7 /* BudgetTestTests.m */,
				73738B20141482FF0015D6D7 /* Supporting Files */,
			);
			path = BudgetTestTests;
			sourceTree = "<group>";
		};
		73738B20141482FF0015D6D7 /* Supporting Files */ = {
			isa = PBXGroup;
			children = (
				73738B21141482FF0015D6D7 /* BudgetTestTests-Info.plist */,
				73738B22141482FF0015D6D7 /* InfoPlist.strings */,
			);
			name = "Supporting Files";
			sourceTree = "<group>";
		};
		737B54541748204F0000C24E /* iRate */ = {
			isa = PBXGroup;
			children = (
				737B5455174820720000C24E /* iRate.bundle */,
				737B5456174820720000C24E /* iRate.h */,
				737B5457174820720000C24E /* iRate.m */,
			);
			name = iRate;
			sourceTree = "<group>";
		};
		7389AE21143163B200B97E0E /* Settings */ = {
			isa = PBXGroup;
			children = (
				7389AE221431643A00B97E0E /* SettingsViewController.h */,
				7389AE231431643A00B97E0E /* SettingsViewController.m */,
				7389AE241431643A00B97E0E /* SettingsViewController.xib */,
			);
			name = Settings;
			sourceTree = "<group>";
		};
		73AFC05D141876D800AB9DBE /* AddItem */ = {
			isa = PBXGroup;
			children = (
<<<<<<< HEAD
				73738B33141489520015D6D7 /* AddItemViewController.h */,
				73738B34141489520015D6D7 /* AddItemViewController.m */,
=======
				734061CE1744892C00A8C98E /* AddedItemViewController.h */,
				734061CF1744892C00A8C98E /* AddedItemViewController.m */,
>>>>>>> 25e4b4f8a954462ed2545fa8098c4cbd96169d76
				73AFC067141A572000AB9DBE /* Details */,
			);
			name = AddItem;
			sourceTree = "<group>";
		};
		73AFC05F1418780500AB9DBE /* ItemList */ = {
			isa = PBXGroup;
			children = (
				73738B38141489990015D6D7 /* ItemListViewController.h */,
				73738B39141489990015D6D7 /* ItemListViewController.m */,
				73738B3A141489990015D6D7 /* ItemListViewController.xib */,
			);
			name = ItemList;
			sourceTree = "<group>";
		};
		73AFC067141A572000AB9DBE /* Details */ = {
			isa = PBXGroup;
			children = (
				73738B4C1415DE2C0015D6D7 /* ItemDateViewController.h */,
				73738B4D1415DE2D0015D6D7 /* ItemDateViewController.m */,
				73738B4E1415DE2E0015D6D7 /* ItemDateViewController.xib */,
				73AFC069141BCD4200AB9DBE /* CategoryComboBoxController.h */,
				73AFC06A141BCD4200AB9DBE /* CategoryComboBoxController.m */,
				73AFC06B141BCD4200AB9DBE /* CategoryComboBoxController.xib */,
			);
			name = Details;
			sourceTree = "<group>";
		};
		73AFC068141BBFA300AB9DBE /* Model */ = {
			isa = PBXGroup;
			children = (
				73738B0F141482FE0015D6D7 /* BudgetTest.xcdatamodeld */,
				73BC118F14186C6300F6B689 /* Categories.h */,
				73BC119014186C6300F6B689 /* Categories.m */,
				731F30C914223F3400E414FD /* BudgetItems.h */,
				731F30CA14223F3400E414FD /* BudgetItems.m */,
			);
			name = Model;
			sourceTree = "<group>";
		};
		73B42F6317484C3400E6DD23 /* FXLabel */ = {
			isa = PBXGroup;
			children = (
				73B42F6417484C3400E6DD23 /* FXLabel.h */,
				73B42F6517484C3400E6DD23 /* FXLabel.m */,
			);
			name = FXLabel;
			path = ../../FXLabel/FXLabel;
			sourceTree = "<group>";
		};
/* End PBXGroup section */

/* Begin PBXNativeTarget section */
		73738AF8141482FE0015D6D7 /* BudgetTest */ = {
			isa = PBXNativeTarget;
			buildConfigurationList = 73738B2A141482FF0015D6D7 /* Build configuration list for PBXNativeTarget "BudgetTest" */;
			buildPhases = (
				73738AF5141482FE0015D6D7 /* Sources */,
				73738AF6141482FE0015D6D7 /* Frameworks */,
				73738AF7141482FE0015D6D7 /* Resources */,
			);
			buildRules = (
			);
			dependencies = (
			);
			name = BudgetTest;
			productName = BudgetTest;
			productReference = 73738AF9141482FE0015D6D7 /* Follow My Money.app */;
			productType = "com.apple.product-type.application";
		};
		73738B16141482FF0015D6D7 /* BudgetTestTests */ = {
			isa = PBXNativeTarget;
			buildConfigurationList = 73738B2D141482FF0015D6D7 /* Build configuration list for PBXNativeTarget "BudgetTestTests" */;
			buildPhases = (
				73738B12141482FF0015D6D7 /* Sources */,
				73738B13141482FF0015D6D7 /* Frameworks */,
				73738B14141482FF0015D6D7 /* Resources */,
				73738B15141482FF0015D6D7 /* ShellScript */,
			);
			buildRules = (
			);
			dependencies = (
				73738B1E141482FF0015D6D7 /* PBXTargetDependency */,
			);
			name = BudgetTestTests;
			productName = BudgetTestTests;
			productReference = 73738B17141482FF0015D6D7 /* BudgetTestTests.octest */;
			productType = "com.apple.product-type.bundle";
		};
/* End PBXNativeTarget section */

/* Begin PBXProject section */
		73738AF0141482FE0015D6D7 /* Project object */ = {
			isa = PBXProject;
			attributes = {
				LastUpgradeCheck = 0460;
			};
			buildConfigurationList = 73738AF3141482FE0015D6D7 /* Build configuration list for PBXProject "BudgetTest" */;
			compatibilityVersion = "Xcode 3.2";
			developmentRegion = English;
			hasScannedForEncodings = 0;
			knownRegions = (
				en,
			);
			mainGroup = 73738AEE141482FE0015D6D7;
			productRefGroup = 73738AFA141482FE0015D6D7 /* Products */;
			projectDirPath = "";
			projectRoot = "";
			targets = (
				73738AF8141482FE0015D6D7 /* BudgetTest */,
				73738B16141482FF0015D6D7 /* BudgetTestTests */,
			);
		};
/* End PBXProject section */

/* Begin PBXResourcesBuildPhase section */
		73738AF7141482FE0015D6D7 /* Resources */ = {
			isa = PBXResourcesBuildPhase;
			buildActionMask = 2147483647;
			files = (
				73738B08141482FE0015D6D7 /* InfoPlist.strings in Resources */,
				73738B3C141489990015D6D7 /* ItemListViewController.xib in Resources */,
				73738B501415DE2F0015D6D7 /* ItemDateViewController.xib in Resources */,
				73AFC06D141BCD4200AB9DBE /* CategoryComboBoxController.xib in Resources */,
				731F30C7141FA16C00E414FD /* CategoryTotalViewController.xib in Resources */,
				7389AE261431643A00B97E0E /* SettingsViewController.xib in Resources */,
				73B20DA31442BE7900A6904A /* Money57.png in Resources */,
				73D535101741AD9B008CA8AB /* Default-568h@2x.png in Resources */,
				737B54451747F7AA0000C24E /* add_item_tab_bar@2x.png in Resources */,
				737B54471747FBA20000C24E /* list_tab_bar@2x.png in Resources */,
				737B544B1747FD380000C24E /* category_tab_bar@2x.png in Resources */,
				737B544D1748035F0000C24E /* settings_tab_bar@2x.png in Resources */,
				737B5450174805120000C24E /* knots.png in Resources */,
				737B5451174805120000C24E /* conversions.png in Resources */,
				737B5453174805A00000C24E /* profile_pic.png in Resources */,
				737B5458174820720000C24E /* iRate.bundle in Resources */,
			);
			runOnlyForDeploymentPostprocessing = 0;
		};
		73738B14141482FF0015D6D7 /* Resources */ = {
			isa = PBXResourcesBuildPhase;
			buildActionMask = 2147483647;
			files = (
				73738B24141482FF0015D6D7 /* InfoPlist.strings in Resources */,
			);
			runOnlyForDeploymentPostprocessing = 0;
		};
/* End PBXResourcesBuildPhase section */

/* Begin PBXShellScriptBuildPhase section */
		73738B15141482FF0015D6D7 /* ShellScript */ = {
			isa = PBXShellScriptBuildPhase;
			buildActionMask = 2147483647;
			files = (
			);
			inputPaths = (
			);
			outputPaths = (
			);
			runOnlyForDeploymentPostprocessing = 0;
			shellPath = /bin/sh;
			shellScript = "# Run the unit tests in this test bundle.\n\"${SYSTEM_DEVELOPER_DIR}/Tools/RunUnitTests\"\n";
		};
/* End PBXShellScriptBuildPhase section */

/* Begin PBXSourcesBuildPhase section */
		73738AF5141482FE0015D6D7 /* Sources */ = {
			isa = PBXSourcesBuildPhase;
			buildActionMask = 2147483647;
			files = (
				73738B0A141482FE0015D6D7 /* main.m in Sources */,
				73738B0E141482FE0015D6D7 /* AppDelegate.m in Sources */,
				73738B11141482FE0015D6D7 /* BudgetTest.xcdatamodeld in Sources */,
				73738B3B141489990015D6D7 /* ItemListViewController.m in Sources */,
				73738B4F1415DE2F0015D6D7 /* ItemDateViewController.m in Sources */,
				73BC119114186C6300F6B689 /* Categories.m in Sources */,
				73AFC06C141BCD4200AB9DBE /* CategoryComboBoxController.m in Sources */,
				731F30C6141FA16C00E414FD /* CategoryTotalViewController.m in Sources */,
				731F30CB14223F3400E414FD /* BudgetItems.m in Sources */,
				731F30CE1422426C00E414FD /* Dates.m in Sources */,
				7389AE251431643A00B97E0E /* SettingsViewController.m in Sources */,
				730495F8143C9F6B000D886A /* CHCSVParser.m in Sources */,
				730495F9143C9F6B000D886A /* CHCSVWriter.m in Sources */,
				730495FA143C9F6B000D886A /* NSArray+CHCSVAdditions.m in Sources */,
				730495FB143C9F6B000D886A /* NSString+CHCSVAdditions.m in Sources */,
				734061D01744892C00A8C98E /* AddedItemViewController.m in Sources */,
				737B5459174820720000C24E /* iRate.m in Sources */,
				73B42F6617484C3400E6DD23 /* FXLabel.m in Sources */,
				73B42F69174851AD00E6DD23 /* FMMButton.m in Sources */,
				73B42F6C1749060400E6DD23 /* FMMInputField.m in Sources */,
				73B42F6F1749842400E6DD23 /* FMMPassThroughView.m in Sources */,
				73B42F721749936200E6DD23 /* CategorySectionHeaderView.m in Sources */,
			);
			runOnlyForDeploymentPostprocessing = 0;
		};
		73738B12141482FF0015D6D7 /* Sources */ = {
			isa = PBXSourcesBuildPhase;
			buildActionMask = 2147483647;
			files = (
				73738B27141482FF0015D6D7 /* BudgetTestTests.m in Sources */,
			);
			runOnlyForDeploymentPostprocessing = 0;
		};
/* End PBXSourcesBuildPhase section */

/* Begin PBXTargetDependency section */
		73738B1E141482FF0015D6D7 /* PBXTargetDependency */ = {
			isa = PBXTargetDependency;
			target = 73738AF8141482FE0015D6D7 /* BudgetTest */;
			targetProxy = 73738B1D141482FF0015D6D7 /* PBXContainerItemProxy */;
		};
/* End PBXTargetDependency section */

/* Begin PBXVariantGroup section */
		73738B06141482FE0015D6D7 /* InfoPlist.strings */ = {
			isa = PBXVariantGroup;
			children = (
				73738B07141482FE0015D6D7 /* en */,
			);
			name = InfoPlist.strings;
			sourceTree = "<group>";
		};
		73738B22141482FF0015D6D7 /* InfoPlist.strings */ = {
			isa = PBXVariantGroup;
			children = (
				73738B23141482FF0015D6D7 /* en */,
			);
			name = InfoPlist.strings;
			sourceTree = "<group>";
		};
/* End PBXVariantGroup section */

/* Begin XCBuildConfiguration section */
		73738B28141482FF0015D6D7 /* Debug */ = {
			isa = XCBuildConfiguration;
			buildSettings = {
				ALWAYS_SEARCH_USER_PATHS = NO;
				ARCHS = "$(ARCHS_STANDARD_32_BIT)";
				CLANG_ENABLE_OBJC_ARC = YES;
				CLANG_WARN_CONSTANT_CONVERSION = YES;
				CLANG_WARN_ENUM_CONVERSION = YES;
				CLANG_WARN_INT_CONVERSION = YES;
				CLANG_WARN__DUPLICATE_METHOD_MATCH = YES;
				CODE_SIGN_IDENTITY = "iPhone Distribution: joseph cortopassi";
				"CODE_SIGN_IDENTITY[sdk=*]" = "iPhone Distribution: joseph cortopassi";
				COPY_PHASE_STRIP = NO;
				GCC_C_LANGUAGE_STANDARD = gnu99;
				GCC_DYNAMIC_NO_PIC = NO;
				GCC_OPTIMIZATION_LEVEL = 0;
				GCC_PREPROCESSOR_DEFINITIONS = (
					"DEBUG=1",
					"$(inherited)",
				);
				GCC_SYMBOLS_PRIVATE_EXTERN = NO;
				GCC_VERSION = com.apple.compilers.llvm.clang.1_0;
				GCC_WARN_ABOUT_MISSING_PROTOTYPES = YES;
				GCC_WARN_ABOUT_RETURN_TYPE = YES;
				GCC_WARN_UNINITIALIZED_AUTOS = YES;
				GCC_WARN_UNUSED_VARIABLE = YES;
				IPHONEOS_DEPLOYMENT_TARGET = 4.0;
				PRODUCT_NAME = "Follow My Money";
				PROVISIONING_PROFILE = "A8DCC62C-445B-431C-BC76-AF531A692FF3";
				"PROVISIONING_PROFILE[sdk=*]" = "A8DCC62C-445B-431C-BC76-AF531A692FF3";
				SDKROOT = iphoneos;
			};
			name = Debug;
		};
		73738B29141482FF0015D6D7 /* Release */ = {
			isa = XCBuildConfiguration;
			buildSettings = {
				ALWAYS_SEARCH_USER_PATHS = NO;
				ARCHS = (
					armv6,
					armv7,
				);
				CLANG_ENABLE_OBJC_ARC = YES;
				CLANG_WARN_CONSTANT_CONVERSION = YES;
				CLANG_WARN_ENUM_CONVERSION = YES;
				CLANG_WARN_INT_CONVERSION = YES;
				CLANG_WARN__DUPLICATE_METHOD_MATCH = YES;
				CODE_SIGN_IDENTITY = "iPhone Distribution: joseph cortopassi";
				"CODE_SIGN_IDENTITY[sdk=iphoneos*]" = "iPhone Distribution: joseph cortopassi";
				COPY_PHASE_STRIP = YES;
				GCC_C_LANGUAGE_STANDARD = gnu99;
				GCC_VERSION = com.apple.compilers.llvm.clang.1_0;
				GCC_WARN_ABOUT_MISSING_PROTOTYPES = YES;
				GCC_WARN_ABOUT_RETURN_TYPE = YES;
				GCC_WARN_UNINITIALIZED_AUTOS = YES;
				GCC_WARN_UNUSED_VARIABLE = YES;
				IPHONEOS_DEPLOYMENT_TARGET = 4.0;
				OTHER_CFLAGS = "-DNS_BLOCK_ASSERTIONS=1";
				PRODUCT_NAME = "Follow My Money";
				PROVISIONING_PROFILE = "A8DCC62C-445B-431C-BC76-AF531A692FF3";
				"PROVISIONING_PROFILE[sdk=iphoneos*]" = "A8DCC62C-445B-431C-BC76-AF531A692FF3";
				SDKROOT = iphoneos;
				VALIDATE_PRODUCT = YES;
			};
			name = Release;
		};
		73738B2B141482FF0015D6D7 /* Debug */ = {
			isa = XCBuildConfiguration;
			buildSettings = {
				CODE_SIGN_IDENTITY = "iPhone Developer";
				GCC_PRECOMPILE_PREFIX_HEADER = YES;
				GCC_PREFIX_HEADER = "BudgetTest/BudgetTest-Prefix.pch";
				INFOPLIST_FILE = "BudgetTest/BudgetTest-Info.plist";
				IPHONEOS_DEPLOYMENT_TARGET = 5.0;
				PRODUCT_NAME = "Follow My Money";
				PROVISIONING_PROFILE = "";
				TARGETED_DEVICE_FAMILY = 1;
				WRAPPER_EXTENSION = app;
			};
			name = Debug;
		};
		73738B2C141482FF0015D6D7 /* Release */ = {
			isa = XCBuildConfiguration;
			buildSettings = {
				CODE_SIGN_IDENTITY = "iPhone Developer";
				GCC_PRECOMPILE_PREFIX_HEADER = YES;
				GCC_PREFIX_HEADER = "BudgetTest/BudgetTest-Prefix.pch";
				INFOPLIST_FILE = "BudgetTest/BudgetTest-Info.plist";
				IPHONEOS_DEPLOYMENT_TARGET = 5.0;
				PRODUCT_NAME = "Follow My Money";
				PROVISIONING_PROFILE = "";
				TARGETED_DEVICE_FAMILY = 1;
				WRAPPER_EXTENSION = app;
			};
			name = Release;
		};
		73738B2E141482FF0015D6D7 /* Debug */ = {
			isa = XCBuildConfiguration;
			buildSettings = {
				BUNDLE_LOADER = "$(BUILT_PRODUCTS_DIR)/BudgetTest.app/BudgetTest";
				CODE_SIGN_IDENTITY = "";
				FRAMEWORK_SEARCH_PATHS = (
					"$(SDKROOT)/Developer/Library/Frameworks",
					"$(DEVELOPER_LIBRARY_DIR)/Frameworks",
				);
				GCC_PRECOMPILE_PREFIX_HEADER = YES;
				GCC_PREFIX_HEADER = "BudgetTest/BudgetTest-Prefix.pch";
				INFOPLIST_FILE = "BudgetTestTests/BudgetTestTests-Info.plist";
				PRODUCT_NAME = "$(TARGET_NAME)";
				TEST_HOST = "$(BUNDLE_LOADER)";
				WRAPPER_EXTENSION = octest;
			};
			name = Debug;
		};
		73738B2F141482FF0015D6D7 /* Release */ = {
			isa = XCBuildConfiguration;
			buildSettings = {
				BUNDLE_LOADER = "$(BUILT_PRODUCTS_DIR)/BudgetTest.app/BudgetTest";
				CODE_SIGN_IDENTITY = "";
				FRAMEWORK_SEARCH_PATHS = (
					"$(SDKROOT)/Developer/Library/Frameworks",
					"$(DEVELOPER_LIBRARY_DIR)/Frameworks",
				);
				GCC_PRECOMPILE_PREFIX_HEADER = YES;
				GCC_PREFIX_HEADER = "BudgetTest/BudgetTest-Prefix.pch";
				INFOPLIST_FILE = "BudgetTestTests/BudgetTestTests-Info.plist";
				PRODUCT_NAME = "$(TARGET_NAME)";
				TEST_HOST = "$(BUNDLE_LOADER)";
				WRAPPER_EXTENSION = octest;
			};
			name = Release;
		};
		73B20D9B1442B57B00A6904A /* Distribution */ = {
			isa = XCBuildConfiguration;
			buildSettings = {
				ALWAYS_SEARCH_USER_PATHS = NO;
				ARCHS = (
					armv6,
					armv7,
				);
				CLANG_ENABLE_OBJC_ARC = YES;
				CLANG_WARN_CONSTANT_CONVERSION = YES;
				CLANG_WARN_ENUM_CONVERSION = YES;
				CLANG_WARN_INT_CONVERSION = YES;
				CLANG_WARN__DUPLICATE_METHOD_MATCH = YES;
				CODE_SIGN_IDENTITY = "iPhone Distribution: joseph cortopassi";
				"CODE_SIGN_IDENTITY[sdk=iphoneos*]" = "iPhone Distribution: joseph cortopassi";
				COPY_PHASE_STRIP = YES;
				GCC_C_LANGUAGE_STANDARD = gnu99;
				GCC_VERSION = com.apple.compilers.llvm.clang.1_0;
				GCC_WARN_ABOUT_MISSING_PROTOTYPES = YES;
				GCC_WARN_ABOUT_RETURN_TYPE = YES;
				GCC_WARN_UNINITIALIZED_AUTOS = YES;
				GCC_WARN_UNUSED_VARIABLE = YES;
				IPHONEOS_DEPLOYMENT_TARGET = 4.0;
				OTHER_CFLAGS = "-DNS_BLOCK_ASSERTIONS=1";
				PRODUCT_NAME = "Follow My Money";
				PROVISIONING_PROFILE = "A8DCC62C-445B-431C-BC76-AF531A692FF3";
				"PROVISIONING_PROFILE[sdk=iphoneos*]" = "A8DCC62C-445B-431C-BC76-AF531A692FF3";
				SDKROOT = iphoneos;
				VALIDATE_PRODUCT = YES;
			};
			name = Distribution;
		};
		73B20D9C1442B57B00A6904A /* Distribution */ = {
			isa = XCBuildConfiguration;
			buildSettings = {
				CODE_SIGN_IDENTITY = "iPhone Developer";
				"CODE_SIGN_IDENTITY[sdk=iphoneos*]" = "iPhone Distribution: joseph cortopassi";
				GCC_PRECOMPILE_PREFIX_HEADER = YES;
				GCC_PREFIX_HEADER = "BudgetTest/BudgetTest-Prefix.pch";
				INFOPLIST_FILE = "BudgetTest/BudgetTest-Info.plist";
				IPHONEOS_DEPLOYMENT_TARGET = 5.0;
				PRODUCT_NAME = "Follow My Money";
				PROVISIONING_PROFILE = "";
				"PROVISIONING_PROFILE[sdk=iphoneos*]" = "A8DCC62C-445B-431C-BC76-AF531A692FF3";
				TARGETED_DEVICE_FAMILY = 1;
				WRAPPER_EXTENSION = app;
			};
			name = Distribution;
		};
		73B20D9D1442B57B00A6904A /* Distribution */ = {
			isa = XCBuildConfiguration;
			buildSettings = {
				BUNDLE_LOADER = "$(BUILT_PRODUCTS_DIR)/BudgetTest.app/BudgetTest";
				CODE_SIGN_IDENTITY = "";
				FRAMEWORK_SEARCH_PATHS = (
					"$(SDKROOT)/Developer/Library/Frameworks",
					"$(DEVELOPER_LIBRARY_DIR)/Frameworks",
				);
				GCC_PRECOMPILE_PREFIX_HEADER = YES;
				GCC_PREFIX_HEADER = "BudgetTest/BudgetTest-Prefix.pch";
				INFOPLIST_FILE = "BudgetTestTests/BudgetTestTests-Info.plist";
				PRODUCT_NAME = "$(TARGET_NAME)";
				TEST_HOST = "$(BUNDLE_LOADER)";
				WRAPPER_EXTENSION = octest;
			};
			name = Distribution;
		};
/* End XCBuildConfiguration section */

/* Begin XCConfigurationList section */
		73738AF3141482FE0015D6D7 /* Build configuration list for PBXProject "BudgetTest" */ = {
			isa = XCConfigurationList;
			buildConfigurations = (
				73738B28141482FF0015D6D7 /* Debug */,
				73738B29141482FF0015D6D7 /* Release */,
				73B20D9B1442B57B00A6904A /* Distribution */,
			);
			defaultConfigurationIsVisible = 0;
			defaultConfigurationName = Distribution;
		};
		73738B2A141482FF0015D6D7 /* Build configuration list for PBXNativeTarget "BudgetTest" */ = {
			isa = XCConfigurationList;
			buildConfigurations = (
				73738B2B141482FF0015D6D7 /* Debug */,
				73738B2C141482FF0015D6D7 /* Release */,
				73B20D9C1442B57B00A6904A /* Distribution */,
			);
			defaultConfigurationIsVisible = 0;
			defaultConfigurationName = Distribution;
		};
		73738B2D141482FF0015D6D7 /* Build configuration list for PBXNativeTarget "BudgetTestTests" */ = {
			isa = XCConfigurationList;
			buildConfigurations = (
				73738B2E141482FF0015D6D7 /* Debug */,
				73738B2F141482FF0015D6D7 /* Release */,
				73B20D9D1442B57B00A6904A /* Distribution */,
			);
			defaultConfigurationIsVisible = 0;
			defaultConfigurationName = Distribution;
		};
/* End XCConfigurationList section */

/* Begin XCVersionGroup section */
		73738B0F141482FE0015D6D7 /* BudgetTest.xcdatamodeld */ = {
			isa = XCVersionGroup;
			children = (
				73738B10141482FE0015D6D7 /* BudgetTest.xcdatamodel */,
			);
			currentVersion = 73738B10141482FE0015D6D7 /* BudgetTest.xcdatamodel */;
			path = BudgetTest.xcdatamodeld;
			sourceTree = "<group>";
			versionGroupType = wrapper.xcdatamodel;
		};
/* End XCVersionGroup section */
	};
	rootObject = 73738AF0141482FE0015D6D7 /* Project object */;
}
